
Microsoft Visual Studio Solution File, Format Version 12.00
# Visual Studio 15
VisualStudioVersion = 15.0.28307.421
MinimumVisualStudioVersion = 10.0.40219.1
Project("{FAE04EC0-301F-11D3-BF4B-00C04F79EFBC}") = "JumptoSPM_2", "JumptoSPM_2\JumptoSPM_2.csproj", "{FE0A90A3-4768-4CCD-9253-E30178BA61B8}"
EndProject
Global
	GlobalSection(SolutionConfigurationPlatforms) = preSolution
		Debug|Any CPU = Debug|Any CPU
		Release|Any CPU = Release|Any CPU
	EndGlobalSection
	GlobalSection(ProjectConfigurationPlatforms) = postSolution
		{FE0A90A3-4768-4CCD-9253-E30178BA61B8}.Debug|Any CPU.ActiveCfg = Debug|Any CPU
		{FE0A90A3-4768-4CCD-9253-E30178BA61B8}.Debug|Any CPU.Build.0 = Debug|Any CPU
		{FE0A90A3-4768-4CCD-9253-E30178BA61B8}.Release|Any CPU.ActiveCfg = Release|Any CPU
		{FE0A90A3-4768-4CCD-9253-E30178BA61B8}.Release|Any CPU.Build.0 = Release|Any CPU
	EndGlobalSection
	GlobalSection(SolutionProperties) = preSolution
		HideSolutionNode = FALSE
	EndGlobalSection
	GlobalSection(ExtensibilityGlobals) = postSolution
		SolutionGuid = {B5628185-6799-40C1-9784-7D9E66D80B7B}
	EndGlobalSection
EndGlobal
